
Microsoft Visual Studio Solution File, Format Version 12.00
# Visual Studio Version 17
VisualStudioVersion = 17.3.32922.545
MinimumVisualStudioVersion = 10.0.40219.1
Project("{9A19103F-16F7-4668-BE54-9A1E7A4F7556}") = "Tracker.Module.Dining.Persistence", "Tracker.Module.Dining.Persistence\Tracker.Module.Dining.Persistence.csproj", "{A5F83C43-96D2-4453-B162-053FBC537709}"
EndProject
Project("{9A19103F-16F7-4668-BE54-9A1E7A4F7556}") = "Tracker.Shared.Abstraction", "Tracker.Shared.Abstraction\Tracker.Shared.Abstraction.csproj", "{A26ACB2D-9B4C-48BD-BF93-C2A8B88C9921}"
EndProject
Project("{9A19103F-16F7-4668-BE54-9A1E7A4F7556}") = "Tracker.Shared.Models", "Tracker.Shared.Models\Tracker.Shared.Models.csproj", "{9B69C44A-F21C-4971-845C-57066B1DFBEF}"
EndProject
Project("{9A19103F-16F7-4668-BE54-9A1E7A4F7556}") = "Tracker.Shared.Exceptions", "Tracker.Shared.Exceptions\Tracker.Shared.Exceptions.csproj", "{11955A54-EE57-4013-9F61-BC6605DB23A5}"
EndProject
Project("{9A19103F-16F7-4668-BE54-9A1E7A4F7556}") = "Tracker.Shared.Persistence", "Tracker.Shared.Persistence\Tracker.Shared.Persistence.csproj", "{946F617A-C26F-4988-AB30-1EE8F8B1013C}"
EndProject
Project("{9A19103F-16F7-4668-BE54-9A1E7A4F7556}") = "Tracker.Shared.Persistence.Core", "Tracker.Shared.Persistence.Core\Tracker.Shared.Persistence.Core.csproj", "{49B12B4D-F627-45C5-BC4B-5EBF579DCE23}"
EndProject
Project("{9A19103F-16F7-4668-BE54-9A1E7A4F7556}") = "Tracker.Shared.Services", "Tracker.Shared.Services\Tracker.Shared.Services.csproj", "{4934950D-F961-481D-B10B-6975A1726609}"
EndProject
Project("{9A19103F-16F7-4668-BE54-9A1E7A4F7556}") = "Tracker.Shared.Startup", "Tracker.Shared.Startup\Tracker.Shared.Startup.csproj", "{C7E75BB3-5A47-4510-BB2A-73A602D99A38}"
EndProject
Project("{9A19103F-16F7-4668-BE54-9A1E7A4F7556}") = "Tracker.Shared.User.Persistence", "Tracker.Shared.User.Persistence\Tracker.Shared.User.Persistence.csproj", "{26F590FA-AE28-4FC5-894F-9DDC9EF0D038}"
EndProject
Project("{9A19103F-16F7-4668-BE54-9A1E7A4F7556}") = "Tracker.Shared.User.Persistence.Query", "Tracker.Shared.User.Persistence.Query\Tracker.Shared.User.Persistence.Query.csproj", "{8E5C5405-E367-4705-8BA2-AE37B10D670A}"
EndProject
Global
	GlobalSection(SolutionConfigurationPlatforms) = preSolution
		Debug|Any CPU = Debug|Any CPU
		Release|Any CPU = Release|Any CPU
	EndGlobalSection
	GlobalSection(ProjectConfigurationPlatforms) = postSolution
		{A5F83C43-96D2-4453-B162-053FBC537709}.Debug|Any CPU.ActiveCfg = Debug|Any CPU
		{A5F83C43-96D2-4453-B162-053FBC537709}.Debug|Any CPU.Build.0 = Debug|Any CPU
		{A5F83C43-96D2-4453-B162-053FBC537709}.Release|Any CPU.ActiveCfg = Release|Any CPU
		{A5F83C43-96D2-4453-B162-053FBC537709}.Release|Any CPU.Build.0 = Release|Any CPU
		{A26ACB2D-9B4C-48BD-BF93-C2A8B88C9921}.Debug|Any CPU.ActiveCfg = Debug|Any CPU
		{A26ACB2D-9B4C-48BD-BF93-C2A8B88C9921}.Debug|Any CPU.Build.0 = Debug|Any CPU
		{A26ACB2D-9B4C-48BD-BF93-C2A8B88C9921}.Release|Any CPU.ActiveCfg = Release|Any CPU
		{A26ACB2D-9B4C-48BD-BF93-C2A8B88C9921}.Release|Any CPU.Build.0 = Release|Any CPU
		{9B69C44A-F21C-4971-845C-57066B1DFBEF}.Debug|Any CPU.ActiveCfg = Debug|Any CPU
		{9B69C44A-F21C-4971-845C-57066B1DFBEF}.Debug|Any CPU.Build.0 = Debug|Any CPU
		{9B69C44A-F21C-4971-845C-57066B1DFBEF}.Release|Any CPU.ActiveCfg = Release|Any CPU
		{9B69C44A-F21C-4971-845C-57066B1DFBEF}.Release|Any CPU.Build.0 = Release|Any CPU
		{11955A54-EE57-4013-9F61-BC6605DB23A5}.Debug|Any CPU.ActiveCfg = Debug|Any CPU
		{11955A54-EE57-4013-9F61-BC6605DB23A5}.Debug|Any CPU.Build.0 = Debug|Any CPU
		{11955A54-EE57-4013-9F61-BC6605DB23A5}.Release|Any CPU.ActiveCfg = Release|Any CPU
		{11955A54-EE57-4013-9F61-BC6605DB23A5}.Release|Any CPU.Build.0 = Release|Any CPU
		{946F617A-C26F-4988-AB30-1EE8F8B1013C}.Debug|Any CPU.ActiveCfg = Debug|Any CPU
		{946F617A-C26F-4988-AB30-1EE8F8B1013C}.Debug|Any CPU.Build.0 = Debug|Any CPU
		{946F617A-C26F-4988-AB30-1EE8F8B1013C}.Release|Any CPU.ActiveCfg = Release|Any CPU
		{946F617A-C26F-4988-AB30-1EE8F8B1013C}.Release|Any CPU.Build.0 = Release|Any CPU
		{49B12B4D-F627-45C5-BC4B-5EBF579DCE23}.Debug|Any CPU.ActiveCfg = Debug|Any CPU
		{49B12B4D-F627-45C5-BC4B-5EBF579DCE23}.Debug|Any CPU.Build.0 = Debug|Any CPU
		{49B12B4D-F627-45C5-BC4B-5EBF579DCE23}.Release|Any CPU.ActiveCfg = Release|Any CPU
		{49B12B4D-F627-45C5-BC4B-5EBF579DCE23}.Release|Any CPU.Build.0 = Release|Any CPU
		{4934950D-F961-481D-B10B-6975A1726609}.Debug|Any CPU.ActiveCfg = Debug|Any CPU
		{4934950D-F961-481D-B10B-6975A1726609}.Debug|Any CPU.Build.0 = Debug|Any CPU
		{4934950D-F961-481D-B10B-6975A1726609}.Release|Any CPU.ActiveCfg = Release|Any CPU
		{4934950D-F961-481D-B10B-6975A1726609}.Release|Any CPU.Build.0 = Release|Any CPU
		{C7E75BB3-5A47-4510-BB2A-73A602D99A38}.Debug|Any CPU.ActiveCfg = Debug|Any CPU
		{C7E75BB3-5A47-4510-BB2A-73A602D99A38}.Debug|Any CPU.Build.0 = Debug|Any CPU
		{C7E75BB3-5A47-4510-BB2A-73A602D99A38}.Release|Any CPU.ActiveCfg = Release|Any CPU
		{C7E75BB3-5A47-4510-BB2A-73A602D99A38}.Release|Any CPU.Build.0 = Release|Any CPU
		{26F590FA-AE28-4FC5-894F-9DDC9EF0D038}.Debug|Any CPU.ActiveCfg = Debug|Any CPU
		{26F590FA-AE28-4FC5-894F-9DDC9EF0D038}.Debug|Any CPU.Build.0 = Debug|Any CPU
		{26F590FA-AE28-4FC5-894F-9DDC9EF0D038}.Release|Any CPU.ActiveCfg = Release|Any CPU
		{26F590FA-AE28-4FC5-894F-9DDC9EF0D038}.Release|Any CPU.Build.0 = Release|Any CPU
		{8E5C5405-E367-4705-8BA2-AE37B10D670A}.Debug|Any CPU.ActiveCfg = Debug|Any CPU
		{8E5C5405-E367-4705-8BA2-AE37B10D670A}.Debug|Any CPU.Build.0 = Debug|Any CPU
		{8E5C5405-E367-4705-8BA2-AE37B10D670A}.Release|Any CPU.ActiveCfg = Release|Any CPU
		{8E5C5405-E367-4705-8BA2-AE37B10D670A}.Release|Any CPU.Build.0 = Release|Any CPU
	EndGlobalSection
	GlobalSection(SolutionProperties) = preSolution
		HideSolutionNode = FALSE
	EndGlobalSection
	GlobalSection(ExtensibilityGlobals) = postSolution
		SolutionGuid = {B0CAB0B5-9B44-4093-BA01-6C67016F42C2}
	EndGlobalSection
EndGlobal
