
Microsoft Visual Studio Solution File, Format Version 12.00
# Visual Studio Version 17
VisualStudioVersion = 17.3.32922.545
MinimumVisualStudioVersion = 10.0.40219.1
Project("{9A19103F-16F7-4668-BE54-9A1E7A4F7556}") = "Tracker.Module.Time.Api", "Tracker.Module.Time.Api\Tracker.Module.Time.Api.csproj", "{4557946E-684E-4956-9AF4-DBFEE4B5B5B1}"
EndProject
Project("{FAE04EC0-301F-11D3-BF4B-00C04F79EFBC}") = "Tracker.Module.Time.Persistence", "Tracker.Module.Time.Persistence\Tracker.Module.Time.Persistence.csproj", "{4C9F4A15-3581-4FD6-AA41-C749ABAAFC3D}"
EndProject
Project("{FAE04EC0-301F-11D3-BF4B-00C04F79EFBC}") = "Tracker.Shared.Module.Time.Models", "Tracker.Shared.Module.Time.Models\Tracker.Shared.Module.Time.Models.csproj", "{5E3A5FBF-26F2-4E46-B043-FFD63C40F414}"
EndProject
Global
	GlobalSection(SolutionConfigurationPlatforms) = preSolution
		Debug|Any CPU = Debug|Any CPU
		Release|Any CPU = Release|Any CPU
	EndGlobalSection
	GlobalSection(ProjectConfigurationPlatforms) = postSolution
		{4557946E-684E-4956-9AF4-DBFEE4B5B5B1}.Debug|Any CPU.ActiveCfg = Debug|Any CPU
		{4557946E-684E-4956-9AF4-DBFEE4B5B5B1}.Debug|Any CPU.Build.0 = Debug|Any CPU
		{4557946E-684E-4956-9AF4-DBFEE4B5B5B1}.Release|Any CPU.ActiveCfg = Release|Any CPU
		{4557946E-684E-4956-9AF4-DBFEE4B5B5B1}.Release|Any CPU.Build.0 = Release|Any CPU
		{4C9F4A15-3581-4FD6-AA41-C749ABAAFC3D}.Debug|Any CPU.ActiveCfg = Debug|Any CPU
		{4C9F4A15-3581-4FD6-AA41-C749ABAAFC3D}.Debug|Any CPU.Build.0 = Debug|Any CPU
		{4C9F4A15-3581-4FD6-AA41-C749ABAAFC3D}.Release|Any CPU.ActiveCfg = Release|Any CPU
		{4C9F4A15-3581-4FD6-AA41-C749ABAAFC3D}.Release|Any CPU.Build.0 = Release|Any CPU
		{5E3A5FBF-26F2-4E46-B043-FFD63C40F414}.Debug|Any CPU.ActiveCfg = Debug|Any CPU
		{5E3A5FBF-26F2-4E46-B043-FFD63C40F414}.Debug|Any CPU.Build.0 = Debug|Any CPU
		{5E3A5FBF-26F2-4E46-B043-FFD63C40F414}.Release|Any CPU.ActiveCfg = Release|Any CPU
		{5E3A5FBF-26F2-4E46-B043-FFD63C40F414}.Release|Any CPU.Build.0 = Release|Any CPU
	EndGlobalSection
	GlobalSection(SolutionProperties) = preSolution
		HideSolutionNode = FALSE
	EndGlobalSection
	GlobalSection(ExtensibilityGlobals) = postSolution
		SolutionGuid = {6F9241D9-9612-43FB-B74B-9A77347AA9FF}
	EndGlobalSection
EndGlobal
