
Microsoft Visual Studio Solution File, Format Version 12.00
# Visual Studio Version 18
VisualStudioVersion = 18.6.11828.311
MinimumVisualStudioVersion = 10.0.40219.1
Project("{9A19103F-16F7-4668-BE54-9A1E7A4F7556}") = "Tracker.Frontend", "Tracker.Frontend\Tracker.Frontend.csproj", "{C74BF7D3-1EAA-455C-8434-CBEA03383A92}"
EndProject
Project("{9A19103F-16F7-4668-BE54-9A1E7A4F7556}") = "Tracker.Tests", "Tracker.Tests\Tracker.Tests.csproj", "{48F93E60-DFA7-403F-B35E-3255636B5283}"
EndProject
Project("{2150E333-8FDC-42A3-9474-1A3956D46DE8}") = "Solution Items", "Solution Items", "{A5C993ED-4AF9-43D4-94CE-9C0665B6165B}"
	ProjectSection(SolutionItems) = preProject
		Directory.Packages.props = Directory.Packages.props
	EndProjectSection
EndProject
Project("{2150E333-8FDC-42A3-9474-1A3956D46DE8}") = "Budget", "Budget", "{F594D370-BA89-8A61-DC52-11F37B2D788A}"
EndProject
Project("{FAE04EC0-301F-11D3-BF4B-00C04F79EFBC}") = "Tracker.Module.Budget.Abstraction", "Budget\Tracker.Module.Budget.Abstraction\Tracker.Module.Budget.Abstraction.csproj", "{4B763B1A-6C5E-41BA-B083-028CD98E6226}"
EndProject
Project("{FAE04EC0-301F-11D3-BF4B-00C04F79EFBC}") = "Tracker.Module.Budget.Model", "Budget\Tracker.Module.Budget.Model\Tracker.Module.Budget.Model.csproj", "{89DDFAA4-C564-4BC8-9F44-530D82A833BA}"
EndProject
Project("{FAE04EC0-301F-11D3-BF4B-00C04F79EFBC}") = "Tracker.Module.Budget.Persistence", "Budget\Tracker.Module.Budget.Persistence\Tracker.Module.Budget.Persistence.csproj", "{793D12C3-FDEA-42DD-9C51-624F68B7A8E9}"
EndProject
Project("{FAE04EC0-301F-11D3-BF4B-00C04F79EFBC}") = "Tracker.Module.Budget.Presentation", "Budget\Tracker.Module.Budget.Presentation\Tracker.Module.Budget.Presentation.csproj", "{D615FE83-1570-45B6-9FC6-CEFCE6F30655}"
EndProject
Project("{FAE04EC0-301F-11D3-BF4B-00C04F79EFBC}") = "Tracker.Module.Budget.Startup", "Budget\Tracker.Module.Budget.Startup\Tracker.Module.Budget.Startup.csproj", "{6EA221EA-044F-4376-A2EC-8D63F89C4E17}"
EndProject
Project("{2150E333-8FDC-42A3-9474-1A3956D46DE8}") = "Dining", "Dining", "{0BD24A65-915E-A715-A505-D1068E91EAD0}"
EndProject
Project("{FAE04EC0-301F-11D3-BF4B-00C04F79EFBC}") = "Tracker.Module.Dining.Abstraction", "Dining\Tracker.Module.Dining.Abstraction\Tracker.Module.Dining.Abstraction.csproj", "{CDA0882D-3F07-4C87-85F9-E2CA145F938A}"
EndProject
Project("{FAE04EC0-301F-11D3-BF4B-00C04F79EFBC}") = "Tracker.Module.Dining.Model", "Dining\Tracker.Module.Dining.Model\Tracker.Module.Dining.Model.csproj", "{90FFC2FA-0201-48C4-857C-7BD6F662240A}"
EndProject
Project("{FAE04EC0-301F-11D3-BF4B-00C04F79EFBC}") = "Tracker.Module.Dining.Persistence", "Dining\Tracker.Module.Dining.Persistence\Tracker.Module.Dining.Persistence.csproj", "{E377D92D-802B-47EC-BED2-47BCB0A87D3C}"
EndProject
Project("{FAE04EC0-301F-11D3-BF4B-00C04F79EFBC}") = "Tracker.Module.Dining.Presentation", "Dining\Tracker.Module.Dining.Presentation\Tracker.Module.Dining.Presentation.csproj", "{75F2C43C-E1E6-4E80-B526-BBB04DFD578D}"
EndProject
Project("{FAE04EC0-301F-11D3-BF4B-00C04F79EFBC}") = "Tracker.Module.Dining.Startup", "Dining\Tracker.Module.Dining.Startup\Tracker.Module.Dining.Startup.csproj", "{5FF8C0C1-E983-44A5-8743-BB20832C0DD6}"
EndProject
Project("{2150E333-8FDC-42A3-9474-1A3956D46DE8}") = "Shared", "Shared", "{4F52FD11-658E-A102-6CD3-7D7C16FFA15B}"
EndProject
Project("{FAE04EC0-301F-11D3-BF4B-00C04F79EFBC}") = "Tracker.Shared.Abstraction", "Shared\Tracker.Shared.Abstraction\Tracker.Shared.Abstraction.csproj", "{0308F914-F409-4509-A489-DDE609A52DB4}"
EndProject
Project("{FAE04EC0-301F-11D3-BF4B-00C04F79EFBC}") = "Tracker.Shared.Extensions", "Shared\Tracker.Shared.Extensions\Tracker.Shared.Extensions.csproj", "{3641E5BC-5982-4654-89AE-E8AD429DC6E5}"
EndProject
Project("{FAE04EC0-301F-11D3-BF4B-00C04F79EFBC}") = "Tracker.Shared.Frontend", "Shared\Tracker.Shared.Frontend\Tracker.Shared.Frontend.csproj", "{83B7BCE7-6D2D-4673-9B46-51B8DA3FC6FD}"
EndProject
Project("{FAE04EC0-301F-11D3-BF4B-00C04F79EFBC}") = "Tracker.Shared.Persistence", "Shared\Tracker.Shared.Persistence\Tracker.Shared.Persistence.csproj", "{5367A7FC-BA01-40A5-B51E-5222DEAC4E6A}"
EndProject
Project("{FAE04EC0-301F-11D3-BF4B-00C04F79EFBC}") = "Tracker.Shared.Persistence.Core", "Shared\Tracker.Shared.Persistence.Core\Tracker.Shared.Persistence.Core.csproj", "{23BE72AD-C81F-4B7A-B863-554DBB9958B8}"
EndProject
Project("{FAE04EC0-301F-11D3-BF4B-00C04F79EFBC}") = "Tracker.Shared.Services", "Shared\Tracker.Shared.Services\Tracker.Shared.Services.csproj", "{713A20BF-CE18-4E70-A239-906D8CC10D61}"
EndProject
Project("{FAE04EC0-301F-11D3-BF4B-00C04F79EFBC}") = "Tracker.Shared.Startup", "Shared\Tracker.Shared.Startup\Tracker.Shared.Startup.csproj", "{F06CF822-138C-49CC-94D8-9FE2B46500FF}"
EndProject
Project("{2150E333-8FDC-42A3-9474-1A3956D46DE8}") = "Time", "Time", "{B53B1AE2-A23E-2540-C78D-893BF5AE8F3A}"
EndProject
Project("{FAE04EC0-301F-11D3-BF4B-00C04F79EFBC}") = "Tracker.Module.Time.Persistence", "Time\Tracker.Module.Time.Persistence\Tracker.Module.Time.Persistence.csproj", "{91E91B5A-81D0-4206-B0F1-A2609CAE4B4B}"
EndProject
Project("{FAE04EC0-301F-11D3-BF4B-00C04F79EFBC}") = "Tracker.Module.Time.Presentation", "Time\Tracker.Module.Time.Presentation\Tracker.Module.Time.Presentation.csproj", "{15E2B74C-7D68-4E1B-892A-59571488454C}"
EndProject
Global
	GlobalSection(SolutionConfigurationPlatforms) = preSolution
		Debug|Any CPU = Debug|Any CPU
		Debug|x64 = Debug|x64
		Debug|x86 = Debug|x86
		Release|Any CPU = Release|Any CPU
		Release|x64 = Release|x64
		Release|x86 = Release|x86
	EndGlobalSection
	GlobalSection(ProjectConfigurationPlatforms) = postSolution
		{C74BF7D3-1EAA-455C-8434-CBEA03383A92}.Debug|Any CPU.ActiveCfg = Debug|Any CPU
		{C74BF7D3-1EAA-455C-8434-CBEA03383A92}.Debug|Any CPU.Build.0 = Debug|Any CPU
		{C74BF7D3-1EAA-455C-8434-CBEA03383A92}.Debug|x64.ActiveCfg = Debug|Any CPU
		{C74BF7D3-1EAA-455C-8434-CBEA03383A92}.Debug|x64.Build.0 = Debug|Any CPU
		{C74BF7D3-1EAA-455C-8434-CBEA03383A92}.Debug|x86.ActiveCfg = Debug|Any CPU
		{C74BF7D3-1EAA-455C-8434-CBEA03383A92}.Debug|x86.Build.0 = Debug|Any CPU
		{C74BF7D3-1EAA-455C-8434-CBEA03383A92}.Release|Any CPU.ActiveCfg = Release|Any CPU
		{C74BF7D3-1EAA-455C-8434-CBEA03383A92}.Release|Any CPU.Build.0 = Release|Any CPU
		{C74BF7D3-1EAA-455C-8434-CBEA03383A92}.Release|x64.ActiveCfg = Release|Any CPU
		{C74BF7D3-1EAA-455C-8434-CBEA03383A92}.Release|x64.Build.0 = Release|Any CPU
		{C74BF7D3-1EAA-455C-8434-CBEA03383A92}.Release|x86.ActiveCfg = Release|Any CPU
		{C74BF7D3-1EAA-455C-8434-CBEA03383A92}.Release|x86.Build.0 = Release|Any CPU
		{48F93E60-DFA7-403F-B35E-3255636B5283}.Debug|Any CPU.ActiveCfg = Debug|Any CPU
		{48F93E60-DFA7-403F-B35E-3255636B5283}.Debug|Any CPU.Build.0 = Debug|Any CPU
		{48F93E60-DFA7-403F-B35E-3255636B5283}.Debug|x64.ActiveCfg = Debug|Any CPU
		{48F93E60-DFA7-403F-B35E-3255636B5283}.Debug|x64.Build.0 = Debug|Any CPU
		{48F93E60-DFA7-403F-B35E-3255636B5283}.Debug|x86.ActiveCfg = Debug|Any CPU
		{48F93E60-DFA7-403F-B35E-3255636B5283}.Debug|x86.Build.0 = Debug|Any CPU
		{48F93E60-DFA7-403F-B35E-3255636B5283}.Release|Any CPU.ActiveCfg = Release|Any CPU
		{48F93E60-DFA7-403F-B35E-3255636B5283}.Release|Any CPU.Build.0 = Release|Any CPU
		{48F93E60-DFA7-403F-B35E-3255636B5283}.Release|x64.ActiveCfg = Release|Any CPU
		{48F93E60-DFA7-403F-B35E-3255636B5283}.Release|x64.Build.0 = Release|Any CPU
		{48F93E60-DFA7-403F-B35E-3255636B5283}.Release|x86.ActiveCfg = Release|Any CPU
		{48F93E60-DFA7-403F-B35E-3255636B5283}.Release|x86.Build.0 = Release|Any CPU
		{4B763B1A-6C5E-41BA-B083-028CD98E6226}.Debug|Any CPU.ActiveCfg = Debug|Any CPU
		{4B763B1A-6C5E-41BA-B083-028CD98E6226}.Debug|Any CPU.Build.0 = Debug|Any CPU
		{4B763B1A-6C5E-41BA-B083-028CD98E6226}.Debug|x64.ActiveCfg = Debug|Any CPU
		{4B763B1A-6C5E-41BA-B083-028CD98E6226}.Debug|x64.Build.0 = Debug|Any CPU
		{4B763B1A-6C5E-41BA-B083-028CD98E6226}.Debug|x86.ActiveCfg = Debug|Any CPU
		{4B763B1A-6C5E-41BA-B083-028CD98E6226}.Debug|x86.Build.0 = Debug|Any CPU
		{4B763B1A-6C5E-41BA-B083-028CD98E6226}.Release|Any CPU.ActiveCfg = Release|Any CPU
		{4B763B1A-6C5E-41BA-B083-028CD98E6226}.Release|Any CPU.Build.0 = Release|Any CPU
		{4B763B1A-6C5E-41BA-B083-028CD98E6226}.Release|x64.ActiveCfg = Release|Any CPU
		{4B763B1A-6C5E-41BA-B083-028CD98E6226}.Release|x64.Build.0 = Release|Any CPU
		{4B763B1A-6C5E-41BA-B083-028CD98E6226}.Release|x86.ActiveCfg = Release|Any CPU
		{4B763B1A-6C5E-41BA-B083-028CD98E6226}.Release|x86.Build.0 = Release|Any CPU
		{89DDFAA4-C564-4BC8-9F44-530D82A833BA}.Debug|Any CPU.ActiveCfg = Debug|Any CPU
		{89DDFAA4-C564-4BC8-9F44-530D82A833BA}.Debug|Any CPU.Build.0 = Debug|Any CPU
		{89DDFAA4-C564-4BC8-9F44-530D82A833BA}.Debug|x64.ActiveCfg = Debug|Any CPU
		{89DDFAA4-C564-4BC8-9F44-530D82A833BA}.Debug|x64.Build.0 = Debug|Any CPU
		{89DDFAA4-C564-4BC8-9F44-530D82A833BA}.Debug|x86.ActiveCfg = Debug|Any CPU
		{89DDFAA4-C564-4BC8-9F44-530D82A833BA}.Debug|x86.Build.0 = Debug|Any CPU
		{89DDFAA4-C564-4BC8-9F44-530D82A833BA}.Release|Any CPU.ActiveCfg = Release|Any CPU
		{89DDFAA4-C564-4BC8-9F44-530D82A833BA}.Release|Any CPU.Build.0 = Release|Any CPU
		{89DDFAA4-C564-4BC8-9F44-530D82A833BA}.Release|x64.ActiveCfg = Release|Any CPU
		{89DDFAA4-C564-4BC8-9F44-530D82A833BA}.Release|x64.Build.0 = Release|Any CPU
		{89DDFAA4-C564-4BC8-9F44-530D82A833BA}.Release|x86.ActiveCfg = Release|Any CPU
		{89DDFAA4-C564-4BC8-9F44-530D82A833BA}.Release|x86.Build.0 = Release|Any CPU
		{793D12C3-FDEA-42DD-9C51-624F68B7A8E9}.Debug|Any CPU.ActiveCfg = Debug|Any CPU
		{793D12C3-FDEA-42DD-9C51-624F68B7A8E9}.Debug|Any CPU.Build.0 = Debug|Any CPU
		{793D12C3-FDEA-42DD-9C51-624F68B7A8E9}.Debug|x64.ActiveCfg = Debug|Any CPU
		{793D12C3-FDEA-42DD-9C51-624F68B7A8E9}.Debug|x64.Build.0 = Debug|Any CPU
		{793D12C3-FDEA-42DD-9C51-624F68B7A8E9}.Debug|x86.ActiveCfg = Debug|Any CPU
		{793D12C3-FDEA-42DD-9C51-624F68B7A8E9}.Debug|x86.Build.0 = Debug|Any CPU
		{793D12C3-FDEA-42DD-9C51-624F68B7A8E9}.Release|Any CPU.ActiveCfg = Release|Any CPU
		{793D12C3-FDEA-42DD-9C51-624F68B7A8E9}.Release|Any CPU.Build.0 = Release|Any CPU
		{793D12C3-FDEA-42DD-9C51-624F68B7A8E9}.Release|x64.ActiveCfg = Release|Any CPU
		{793D12C3-FDEA-42DD-9C51-624F68B7A8E9}.Release|x64.Build.0 = Release|Any CPU
		{793D12C3-FDEA-42DD-9C51-624F68B7A8E9}.Release|x86.ActiveCfg = Release|Any CPU
		{793D12C3-FDEA-42DD-9C51-624F68B7A8E9}.Release|x86.Build.0 = Release|Any CPU
		{D615FE83-1570-45B6-9FC6-CEFCE6F30655}.Debug|Any CPU.ActiveCfg = Debug|Any CPU
		{D615FE83-1570-45B6-9FC6-CEFCE6F30655}.Debug|Any CPU.Build.0 = Debug|Any CPU
		{D615FE83-1570-45B6-9FC6-CEFCE6F30655}.Debug|x64.ActiveCfg = Debug|Any CPU
		{D615FE83-1570-45B6-9FC6-CEFCE6F30655}.Debug|x64.Build.0 = Debug|Any CPU
		{D615FE83-1570-45B6-9FC6-CEFCE6F30655}.Debug|x86.ActiveCfg = Debug|Any CPU
		{D615FE83-1570-45B6-9FC6-CEFCE6F30655}.Debug|x86.Build.0 = Debug|Any CPU
		{D615FE83-1570-45B6-9FC6-CEFCE6F30655}.Release|Any CPU.ActiveCfg = Release|Any CPU
		{D615FE83-1570-45B6-9FC6-CEFCE6F30655}.Release|Any CPU.Build.0 = Release|Any CPU
		{D615FE83-1570-45B6-9FC6-CEFCE6F30655}.Release|x64.ActiveCfg = Release|Any CPU
		{D615FE83-1570-45B6-9FC6-CEFCE6F30655}.Release|x64.Build.0 = Release|Any CPU
		{D615FE83-1570-45B6-9FC6-CEFCE6F30655}.Release|x86.ActiveCfg = Release|Any CPU
		{D615FE83-1570-45B6-9FC6-CEFCE6F30655}.Release|x86.Build.0 = Release|Any CPU
		{6EA221EA-044F-4376-A2EC-8D63F89C4E17}.Debug|Any CPU.ActiveCfg = Debug|Any CPU
		{6EA221EA-044F-4376-A2EC-8D63F89C4E17}.Debug|Any CPU.Build.0 = Debug|Any CPU
		{6EA221EA-044F-4376-A2EC-8D63F89C4E17}.Debug|x64.ActiveCfg = Debug|Any CPU
		{6EA221EA-044F-4376-A2EC-8D63F89C4E17}.Debug|x64.Build.0 = Debug|Any CPU
		{6EA221EA-044F-4376-A2EC-8D63F89C4E17}.Debug|x86.ActiveCfg = Debug|Any CPU
		{6EA221EA-044F-4376-A2EC-8D63F89C4E17}.Debug|x86.Build.0 = Debug|Any CPU
		{6EA221EA-044F-4376-A2EC-8D63F89C4E17}.Release|Any CPU.ActiveCfg = Release|Any CPU
		{6EA221EA-044F-4376-A2EC-8D63F89C4E17}.Release|Any CPU.Build.0 = Release|Any CPU
		{6EA221EA-044F-4376-A2EC-8D63F89C4E17}.Release|x64.ActiveCfg = Release|Any CPU
		{6EA221EA-044F-4376-A2EC-8D63F89C4E17}.Release|x64.Build.0 = Release|Any CPU
		{6EA221EA-044F-4376-A2EC-8D63F89C4E17}.Release|x86.ActiveCfg = Release|Any CPU
		{6EA221EA-044F-4376-A2EC-8D63F89C4E17}.Release|x86.Build.0 = Release|Any CPU
		{CDA0882D-3F07-4C87-85F9-E2CA145F938A}.Debug|Any CPU.ActiveCfg = Debug|Any CPU
		{CDA0882D-3F07-4C87-85F9-E2CA145F938A}.Debug|Any CPU.Build.0 = Debug|Any CPU
		{CDA0882D-3F07-4C87-85F9-E2CA145F938A}.Debug|x64.ActiveCfg = Debug|Any CPU
		{CDA0882D-3F07-4C87-85F9-E2CA145F938A}.Debug|x64.Build.0 = Debug|Any CPU
		{CDA0882D-3F07-4C87-85F9-E2CA145F938A}.Debug|x86.ActiveCfg = Debug|Any CPU
		{CDA0882D-3F07-4C87-85F9-E2CA145F938A}.Debug|x86.Build.0 = Debug|Any CPU
		{CDA0882D-3F07-4C87-85F9-E2CA145F938A}.Release|Any CPU.ActiveCfg = Release|Any CPU
		{CDA0882D-3F07-4C87-85F9-E2CA145F938A}.Release|Any CPU.Build.0 = Release|Any CPU
		{CDA0882D-3F07-4C87-85F9-E2CA145F938A}.Release|x64.ActiveCfg = Release|Any CPU
		{CDA0882D-3F07-4C87-85F9-E2CA145F938A}.Release|x64.Build.0 = Release|Any CPU
		{CDA0882D-3F07-4C87-85F9-E2CA145F938A}.Release|x86.ActiveCfg = Release|Any CPU
		{CDA0882D-3F07-4C87-85F9-E2CA145F938A}.Release|x86.Build.0 = Release|Any CPU
		{90FFC2FA-0201-48C4-857C-7BD6F662240A}.Debug|Any CPU.ActiveCfg = Debug|Any CPU
		{90FFC2FA-0201-48C4-857C-7BD6F662240A}.Debug|Any CPU.Build.0 = Debug|Any CPU
		{90FFC2FA-0201-48C4-857C-7BD6F662240A}.Debug|x64.ActiveCfg = Debug|Any CPU
		{90FFC2FA-0201-48C4-857C-7BD6F662240A}.Debug|x64.Build.0 = Debug|Any CPU
		{90FFC2FA-0201-48C4-857C-7BD6F662240A}.Debug|x86.ActiveCfg = Debug|Any CPU
		{90FFC2FA-0201-48C4-857C-7BD6F662240A}.Debug|x86.Build.0 = Debug|Any CPU
		{90FFC2FA-0201-48C4-857C-7BD6F662240A}.Release|Any CPU.ActiveCfg = Release|Any CPU
		{90FFC2FA-0201-48C4-857C-7BD6F662240A}.Release|Any CPU.Build.0 = Release|Any CPU
		{90FFC2FA-0201-48C4-857C-7BD6F662240A}.Release|x64.ActiveCfg = Release|Any CPU
		{90FFC2FA-0201-48C4-857C-7BD6F662240A}.Release|x64.Build.0 = Release|Any CPU
		{90FFC2FA-0201-48C4-857C-7BD6F662240A}.Release|x86.ActiveCfg = Release|Any CPU
		{90FFC2FA-0201-48C4-857C-7BD6F662240A}.Release|x86.Build.0 = Release|Any CPU
		{E377D92D-802B-47EC-BED2-47BCB0A87D3C}.Debug|Any CPU.ActiveCfg = Debug|Any CPU
		{E377D92D-802B-47EC-BED2-47BCB0A87D3C}.Debug|Any CPU.Build.0 = Debug|Any CPU
		{E377D92D-802B-47EC-BED2-47BCB0A87D3C}.Debug|x64.ActiveCfg = Debug|Any CPU
		{E377D92D-802B-47EC-BED2-47BCB0A87D3C}.Debug|x64.Build.0 = Debug|Any CPU
		{E377D92D-802B-47EC-BED2-47BCB0A87D3C}.Debug|x86.ActiveCfg = Debug|Any CPU
		{E377D92D-802B-47EC-BED2-47BCB0A87D3C}.Debug|x86.Build.0 = Debug|Any CPU
		{E377D92D-802B-47EC-BED2-47BCB0A87D3C}.Release|Any CPU.ActiveCfg = Release|Any CPU
		{E377D92D-802B-47EC-BED2-47BCB0A87D3C}.Release|Any CPU.Build.0 = Release|Any CPU
		{E377D92D-802B-47EC-BED2-47BCB0A87D3C}.Release|x64.ActiveCfg = Release|Any CPU
		{E377D92D-802B-47EC-BED2-47BCB0A87D3C}.Release|x64.Build.0 = Release|Any CPU
		{E377D92D-802B-47EC-BED2-47BCB0A87D3C}.Release|x86.ActiveCfg = Release|Any CPU
		{E377D92D-802B-47EC-BED2-47BCB0A87D3C}.Release|x86.Build.0 = Release|Any CPU
		{75F2C43C-E1E6-4E80-B526-BBB04DFD578D}.Debug|Any CPU.ActiveCfg = Debug|Any CPU
		{75F2C43C-E1E6-4E80-B526-BBB04DFD578D}.Debug|Any CPU.Build.0 = Debug|Any CPU
		{75F2C43C-E1E6-4E80-B526-BBB04DFD578D}.Debug|x64.ActiveCfg = Debug|Any CPU
		{75F2C43C-E1E6-4E80-B526-BBB04DFD578D}.Debug|x64.Build.0 = Debug|Any CPU
		{75F2C43C-E1E6-4E80-B526-BBB04DFD578D}.Debug|x86.ActiveCfg = Debug|Any CPU
		{75F2C43C-E1E6-4E80-B526-BBB04DFD578D}.Debug|x86.Build.0 = Debug|Any CPU
		{75F2C43C-E1E6-4E80-B526-BBB04DFD578D}.Release|Any CPU.ActiveCfg = Release|Any CPU
		{75F2C43C-E1E6-4E80-B526-BBB04DFD578D}.Release|Any CPU.Build.0 = Release|Any CPU
		{75F2C43C-E1E6-4E80-B526-BBB04DFD578D}.Release|x64.ActiveCfg = Release|Any CPU
		{75F2C43C-E1E6-4E80-B526-BBB04DFD578D}.Release|x64.Build.0 = Release|Any CPU
		{75F2C43C-E1E6-4E80-B526-BBB04DFD578D}.Release|x86.ActiveCfg = Release|Any CPU
		{75F2C43C-E1E6-4E80-B526-BBB04DFD578D}.Release|x86.Build.0 = Release|Any CPU
		{5FF8C0C1-E983-44A5-8743-BB20832C0DD6}.Debug|Any CPU.ActiveCfg = Debug|Any CPU
		{5FF8C0C1-E983-44A5-8743-BB20832C0DD6}.Debug|Any CPU.Build.0 = Debug|Any CPU
		{5FF8C0C1-E983-44A5-8743-BB20832C0DD6}.Debug|x64.ActiveCfg = Debug|Any CPU
		{5FF8C0C1-E983-44A5-8743-BB20832C0DD6}.Debug|x64.Build.0 = Debug|Any CPU
		{5FF8C0C1-E983-44A5-8743-BB20832C0DD6}.Debug|x86.ActiveCfg = Debug|Any CPU
		{5FF8C0C1-E983-44A5-8743-BB20832C0DD6}.Debug|x86.Build.0 = Debug|Any CPU
		{5FF8C0C1-E983-44A5-8743-BB20832C0DD6}.Release|Any CPU.ActiveCfg = Release|Any CPU
		{5FF8C0C1-E983-44A5-8743-BB20832C0DD6}.Release|Any CPU.Build.0 = Release|Any CPU
		{5FF8C0C1-E983-44A5-8743-BB20832C0DD6}.Release|x64.ActiveCfg = Release|Any CPU
		{5FF8C0C1-E983-44A5-8743-BB20832C0DD6}.Release|x64.Build.0 = Release|Any CPU
		{5FF8C0C1-E983-44A5-8743-BB20832C0DD6}.Release|x86.ActiveCfg = Release|Any CPU
		{5FF8C0C1-E983-44A5-8743-BB20832C0DD6}.Release|x86.Build.0 = Release|Any CPU
		{0308F914-F409-4509-A489-DDE609A52DB4}.Debug|Any CPU.ActiveCfg = Debug|Any CPU
		{0308F914-F409-4509-A489-DDE609A52DB4}.Debug|Any CPU.Build.0 = Debug|Any CPU
		{0308F914-F409-4509-A489-DDE609A52DB4}.Debug|x64.ActiveCfg = Debug|Any CPU
		{0308F914-F409-4509-A489-DDE609A52DB4}.Debug|x64.Build.0 = Debug|Any CPU
		{0308F914-F409-4509-A489-DDE609A52DB4}.Debug|x86.ActiveCfg = Debug|Any CPU
		{0308F914-F409-4509-A489-DDE609A52DB4}.Debug|x86.Build.0 = Debug|Any CPU
		{0308F914-F409-4509-A489-DDE609A52DB4}.Release|Any CPU.ActiveCfg = Release|Any CPU
		{0308F914-F409-4509-A489-DDE609A52DB4}.Release|Any CPU.Build.0 = Release|Any CPU
		{0308F914-F409-4509-A489-DDE609A52DB4}.Release|x64.ActiveCfg = Release|Any CPU
		{0308F914-F409-4509-A489-DDE609A52DB4}.Release|x64.Build.0 = Release|Any CPU
		{0308F914-F409-4509-A489-DDE609A52DB4}.Release|x86.ActiveCfg = Release|Any CPU
		{0308F914-F409-4509-A489-DDE609A52DB4}.Release|x86.Build.0 = Release|Any CPU
		{3641E5BC-5982-4654-89AE-E8AD429DC6E5}.Debug|Any CPU.ActiveCfg = Debug|Any CPU
		{3641E5BC-5982-4654-89AE-E8AD429DC6E5}.Debug|Any CPU.Build.0 = Debug|Any CPU
		{3641E5BC-5982-4654-89AE-E8AD429DC6E5}.Debug|x64.ActiveCfg = Debug|Any CPU
		{3641E5BC-5982-4654-89AE-E8AD429DC6E5}.Debug|x64.Build.0 = Debug|Any CPU
		{3641E5BC-5982-4654-89AE-E8AD429DC6E5}.Debug|x86.ActiveCfg = Debug|Any CPU
		{3641E5BC-5982-4654-89AE-E8AD429DC6E5}.Debug|x86.Build.0 = Debug|Any CPU
		{3641E5BC-5982-4654-89AE-E8AD429DC6E5}.Release|Any CPU.ActiveCfg = Release|Any CPU
		{3641E5BC-5982-4654-89AE-E8AD429DC6E5}.Release|Any CPU.Build.0 = Release|Any CPU
		{3641E5BC-5982-4654-89AE-E8AD429DC6E5}.Release|x64.ActiveCfg = Release|Any CPU
		{3641E5BC-5982-4654-89AE-E8AD429DC6E5}.Release|x64.Build.0 = Release|Any CPU
		{3641E5BC-5982-4654-89AE-E8AD429DC6E5}.Release|x86.ActiveCfg = Release|Any CPU
		{3641E5BC-5982-4654-89AE-E8AD429DC6E5}.Release|x86.Build.0 = Release|Any CPU
		{83B7BCE7-6D2D-4673-9B46-51B8DA3FC6FD}.Debug|Any CPU.ActiveCfg = Debug|Any CPU
		{83B7BCE7-6D2D-4673-9B46-51B8DA3FC6FD}.Debug|Any CPU.Build.0 = Debug|Any CPU
		{83B7BCE7-6D2D-4673-9B46-51B8DA3FC6FD}.Debug|x64.ActiveCfg = Debug|Any CPU
		{83B7BCE7-6D2D-4673-9B46-51B8DA3FC6FD}.Debug|x64.Build.0 = Debug|Any CPU
		{83B7BCE7-6D2D-4673-9B46-51B8DA3FC6FD}.Debug|x86.ActiveCfg = Debug|Any CPU
		{83B7BCE7-6D2D-4673-9B46-51B8DA3FC6FD}.Debug|x86.Build.0 = Debug|Any CPU
		{83B7BCE7-6D2D-4673-9B46-51B8DA3FC6FD}.Release|Any CPU.ActiveCfg = Release|Any CPU
		{83B7BCE7-6D2D-4673-9B46-51B8DA3FC6FD}.Release|Any CPU.Build.0 = Release|Any CPU
		{83B7BCE7-6D2D-4673-9B46-51B8DA3FC6FD}.Release|x64.ActiveCfg = Release|Any CPU
		{83B7BCE7-6D2D-4673-9B46-51B8DA3FC6FD}.Release|x64.Build.0 = Release|Any CPU
		{83B7BCE7-6D2D-4673-9B46-51B8DA3FC6FD}.Release|x86.ActiveCfg = Release|Any CPU
		{83B7BCE7-6D2D-4673-9B46-51B8DA3FC6FD}.Release|x86.Build.0 = Release|Any CPU
		{5367A7FC-BA01-40A5-B51E-5222DEAC4E6A}.Debug|Any CPU.ActiveCfg = Debug|Any CPU
		{5367A7FC-BA01-40A5-B51E-5222DEAC4E6A}.Debug|Any CPU.Build.0 = Debug|Any CPU
		{5367A7FC-BA01-40A5-B51E-5222DEAC4E6A}.Debug|x64.ActiveCfg = Debug|Any CPU
		{5367A7FC-BA01-40A5-B51E-5222DEAC4E6A}.Debug|x64.Build.0 = Debug|Any CPU
		{5367A7FC-BA01-40A5-B51E-5222DEAC4E6A}.Debug|x86.ActiveCfg = Debug|Any CPU
		{5367A7FC-BA01-40A5-B51E-5222DEAC4E6A}.Debug|x86.Build.0 = Debug|Any CPU
		{5367A7FC-BA01-40A5-B51E-5222DEAC4E6A}.Release|Any CPU.ActiveCfg = Release|Any CPU
		{5367A7FC-BA01-40A5-B51E-5222DEAC4E6A}.Release|Any CPU.Build.0 = Release|Any CPU
		{5367A7FC-BA01-40A5-B51E-5222DEAC4E6A}.Release|x64.ActiveCfg = Release|Any CPU
		{5367A7FC-BA01-40A5-B51E-5222DEAC4E6A}.Release|x64.Build.0 = Release|Any CPU
		{5367A7FC-BA01-40A5-B51E-5222DEAC4E6A}.Release|x86.ActiveCfg = Release|Any CPU
		{5367A7FC-BA01-40A5-B51E-5222DEAC4E6A}.Release|x86.Build.0 = Release|Any CPU
		{23BE72AD-C81F-4B7A-B863-554DBB9958B8}.Debug|Any CPU.ActiveCfg = Debug|Any CPU
		{23BE72AD-C81F-4B7A-B863-554DBB9958B8}.Debug|Any CPU.Build.0 = Debug|Any CPU
		{23BE72AD-C81F-4B7A-B863-554DBB9958B8}.Debug|x64.ActiveCfg = Debug|Any CPU
		{23BE72AD-C81F-4B7A-B863-554DBB9958B8}.Debug|x64.Build.0 = Debug|Any CPU
		{23BE72AD-C81F-4B7A-B863-554DBB9958B8}.Debug|x86.ActiveCfg = Debug|Any CPU
		{23BE72AD-C81F-4B7A-B863-554DBB9958B8}.Debug|x86.Build.0 = Debug|Any CPU
		{23BE72AD-C81F-4B7A-B863-554DBB9958B8}.Release|Any CPU.ActiveCfg = Release|Any CPU
		{23BE72AD-C81F-4B7A-B863-554DBB9958B8}.Release|Any CPU.Build.0 = Release|Any CPU
		{23BE72AD-C81F-4B7A-B863-554DBB9958B8}.Release|x64.ActiveCfg = Release|Any CPU
		{23BE72AD-C81F-4B7A-B863-554DBB9958B8}.Release|x64.Build.0 = Release|Any CPU
		{23BE72AD-C81F-4B7A-B863-554DBB9958B8}.Release|x86.ActiveCfg = Release|Any CPU
		{23BE72AD-C81F-4B7A-B863-554DBB9958B8}.Release|x86.Build.0 = Release|Any CPU
		{713A20BF-CE18-4E70-A239-906D8CC10D61}.Debug|Any CPU.ActiveCfg = Debug|Any CPU
		{713A20BF-CE18-4E70-A239-906D8CC10D61}.Debug|Any CPU.Build.0 = Debug|Any CPU
		{713A20BF-CE18-4E70-A239-906D8CC10D61}.Debug|x64.ActiveCfg = Debug|Any CPU
		{713A20BF-CE18-4E70-A239-906D8CC10D61}.Debug|x64.Build.0 = Debug|Any CPU
		{713A20BF-CE18-4E70-A239-906D8CC10D61}.Debug|x86.ActiveCfg = Debug|Any CPU
		{713A20BF-CE18-4E70-A239-906D8CC10D61}.Debug|x86.Build.0 = Debug|Any CPU
		{713A20BF-CE18-4E70-A239-906D8CC10D61}.Release|Any CPU.ActiveCfg = Release|Any CPU
		{713A20BF-CE18-4E70-A239-906D8CC10D61}.Release|Any CPU.Build.0 = Release|Any CPU
		{713A20BF-CE18-4E70-A239-906D8CC10D61}.Release|x64.ActiveCfg = Release|Any CPU
		{713A20BF-CE18-4E70-A239-906D8CC10D61}.Release|x64.Build.0 = Release|Any CPU
		{713A20BF-CE18-4E70-A239-906D8CC10D61}.Release|x86.ActiveCfg = Release|Any CPU
		{713A20BF-CE18-4E70-A239-906D8CC10D61}.Release|x86.Build.0 = Release|Any CPU
		{F06CF822-138C-49CC-94D8-9FE2B46500FF}.Debug|Any CPU.ActiveCfg = Debug|Any CPU
		{F06CF822-138C-49CC-94D8-9FE2B46500FF}.Debug|Any CPU.Build.0 = Debug|Any CPU
		{F06CF822-138C-49CC-94D8-9FE2B46500FF}.Debug|x64.ActiveCfg = Debug|Any CPU
		{F06CF822-138C-49CC-94D8-9FE2B46500FF}.Debug|x64.Build.0 = Debug|Any CPU
		{F06CF822-138C-49CC-94D8-9FE2B46500FF}.Debug|x86.ActiveCfg = Debug|Any CPU
		{F06CF822-138C-49CC-94D8-9FE2B46500FF}.Debug|x86.Build.0 = Debug|Any CPU
		{F06CF822-138C-49CC-94D8-9FE2B46500FF}.Release|Any CPU.ActiveCfg = Release|Any CPU
		{F06CF822-138C-49CC-94D8-9FE2B46500FF}.Release|Any CPU.Build.0 = Release|Any CPU
		{F06CF822-138C-49CC-94D8-9FE2B46500FF}.Release|x64.ActiveCfg = Release|Any CPU
		{F06CF822-138C-49CC-94D8-9FE2B46500FF}.Release|x64.Build.0 = Release|Any CPU
		{F06CF822-138C-49CC-94D8-9FE2B46500FF}.Release|x86.ActiveCfg = Release|Any CPU
		{F06CF822-138C-49CC-94D8-9FE2B46500FF}.Release|x86.Build.0 = Release|Any CPU
		{91E91B5A-81D0-4206-B0F1-A2609CAE4B4B}.Debug|Any CPU.ActiveCfg = Debug|Any CPU
		{91E91B5A-81D0-4206-B0F1-A2609CAE4B4B}.Debug|Any CPU.Build.0 = Debug|Any CPU
		{91E91B5A-81D0-4206-B0F1-A2609CAE4B4B}.Debug|x64.ActiveCfg = Debug|Any CPU
		{91E91B5A-81D0-4206-B0F1-A2609CAE4B4B}.Debug|x64.Build.0 = Debug|Any CPU
		{91E91B5A-81D0-4206-B0F1-A2609CAE4B4B}.Debug|x86.ActiveCfg = Debug|Any CPU
		{91E91B5A-81D0-4206-B0F1-A2609CAE4B4B}.Debug|x86.Build.0 = Debug|Any CPU
		{91E91B5A-81D0-4206-B0F1-A2609CAE4B4B}.Release|Any CPU.ActiveCfg = Release|Any CPU
		{91E91B5A-81D0-4206-B0F1-A2609CAE4B4B}.Release|Any CPU.Build.0 = Release|Any CPU
		{91E91B5A-81D0-4206-B0F1-A2609CAE4B4B}.Release|x64.ActiveCfg = Release|Any CPU
		{91E91B5A-81D0-4206-B0F1-A2609CAE4B4B}.Release|x64.Build.0 = Release|Any CPU
		{91E91B5A-81D0-4206-B0F1-A2609CAE4B4B}.Release|x86.ActiveCfg = Release|Any CPU
		{91E91B5A-81D0-4206-B0F1-A2609CAE4B4B}.Release|x86.Build.0 = Release|Any CPU
		{15E2B74C-7D68-4E1B-892A-59571488454C}.Debug|Any CPU.ActiveCfg = Debug|Any CPU
		{15E2B74C-7D68-4E1B-892A-59571488454C}.Debug|Any CPU.Build.0 = Debug|Any CPU
		{15E2B74C-7D68-4E1B-892A-59571488454C}.Debug|x64.ActiveCfg = Debug|Any CPU
		{15E2B74C-7D68-4E1B-892A-59571488454C}.Debug|x64.Build.0 = Debug|Any CPU
		{15E2B74C-7D68-4E1B-892A-59571488454C}.Debug|x86.ActiveCfg = Debug|Any CPU
		{15E2B74C-7D68-4E1B-892A-59571488454C}.Debug|x86.Build.0 = Debug|Any CPU
		{15E2B74C-7D68-4E1B-892A-59571488454C}.Release|Any CPU.ActiveCfg = Release|Any CPU
		{15E2B74C-7D68-4E1B-892A-59571488454C}.Release|Any CPU.Build.0 = Release|Any CPU
		{15E2B74C-7D68-4E1B-892A-59571488454C}.Release|x64.ActiveCfg = Release|Any CPU
		{15E2B74C-7D68-4E1B-892A-59571488454C}.Release|x64.Build.0 = Release|Any CPU
		{15E2B74C-7D68-4E1B-892A-59571488454C}.Release|x86.ActiveCfg = Release|Any CPU
		{15E2B74C-7D68-4E1B-892A-59571488454C}.Release|x86.Build.0 = Release|Any CPU
	EndGlobalSection
	GlobalSection(SolutionProperties) = preSolution
		HideSolutionNode = FALSE
	EndGlobalSection
	GlobalSection(NestedProjects) = preSolution
		{4B763B1A-6C5E-41BA-B083-028CD98E6226} = {F594D370-BA89-8A61-DC52-11F37B2D788A}
		{89DDFAA4-C564-4BC8-9F44-530D82A833BA} = {F594D370-BA89-8A61-DC52-11F37B2D788A}
		{793D12C3-FDEA-42DD-9C51-624F68B7A8E9} = {F594D370-BA89-8A61-DC52-11F37B2D788A}
		{D615FE83-1570-45B6-9FC6-CEFCE6F30655} = {F594D370-BA89-8A61-DC52-11F37B2D788A}
		{6EA221EA-044F-4376-A2EC-8D63F89C4E17} = {F594D370-BA89-8A61-DC52-11F37B2D788A}
		{CDA0882D-3F07-4C87-85F9-E2CA145F938A} = {0BD24A65-915E-A715-A505-D1068E91EAD0}
		{90FFC2FA-0201-48C4-857C-7BD6F662240A} = {0BD24A65-915E-A715-A505-D1068E91EAD0}
		{E377D92D-802B-47EC-BED2-47BCB0A87D3C} = {0BD24A65-915E-A715-A505-D1068E91EAD0}
		{75F2C43C-E1E6-4E80-B526-BBB04DFD578D} = {0BD24A65-915E-A715-A505-D1068E91EAD0}
		{5FF8C0C1-E983-44A5-8743-BB20832C0DD6} = {0BD24A65-915E-A715-A505-D1068E91EAD0}
		{0308F914-F409-4509-A489-DDE609A52DB4} = {4F52FD11-658E-A102-6CD3-7D7C16FFA15B}
		{3641E5BC-5982-4654-89AE-E8AD429DC6E5} = {4F52FD11-658E-A102-6CD3-7D7C16FFA15B}
		{83B7BCE7-6D2D-4673-9B46-51B8DA3FC6FD} = {4F52FD11-658E-A102-6CD3-7D7C16FFA15B}
		{5367A7FC-BA01-40A5-B51E-5222DEAC4E6A} = {4F52FD11-658E-A102-6CD3-7D7C16FFA15B}
		{23BE72AD-C81F-4B7A-B863-554DBB9958B8} = {4F52FD11-658E-A102-6CD3-7D7C16FFA15B}
		{713A20BF-CE18-4E70-A239-906D8CC10D61} = {4F52FD11-658E-A102-6CD3-7D7C16FFA15B}
		{F06CF822-138C-49CC-94D8-9FE2B46500FF} = {4F52FD11-658E-A102-6CD3-7D7C16FFA15B}
		{91E91B5A-81D0-4206-B0F1-A2609CAE4B4B} = {B53B1AE2-A23E-2540-C78D-893BF5AE8F3A}
		{15E2B74C-7D68-4E1B-892A-59571488454C} = {B53B1AE2-A23E-2540-C78D-893BF5AE8F3A}
	EndGlobalSection
	GlobalSection(ExtensibilityGlobals) = postSolution
		SolutionGuid = {03BF2203-899D-4783-BD4B-B67969D7A79A}
	EndGlobalSection
EndGlobal
